// !$*UTF8*$!
{
	archiveVersion = 1;
	classes = {
	};
	objectVersion = 46;
	objects = {

/* Begin PBXBuildFile section */
		8240CD8B1C3A39D500EF4D29 /* Swiftx.framework in Frameworks */ = {isa = PBXBuildFile; fileRef = 8240CD811C3A39D500EF4D29 /* Swiftx.framework */; };
		826F9C16224E493B00FA5106 /* SwiftCheck.framework in Frameworks */ = {isa = PBXBuildFile; fileRef = 8240CD9B1C3A39D600EF4D29 /* SwiftCheck.framework */; };
		826F9C19224E499C00FA5106 /* Swiftx.framework in Frameworks */ = {isa = PBXBuildFile; fileRef = 84DF76681B0BDE0A00C912B0 /* Swiftx.framework */; };
		826F9C1B224E49D300FA5106 /* SwiftCheck.framework in Frameworks */ = {isa = PBXBuildFile; fileRef = 826F9C1A224E49D300FA5106 /* SwiftCheck.framework */; };
		82E51B961B5D4BA3003CA361 /* SwiftCheck.framework in CopyFiles */ = {isa = PBXBuildFile; fileRef = 82E51B8F1B5D4B8B003CA361 /* SwiftCheck.framework */; settings = {ATTRIBUTES = (CodeSignOnCopy, RemoveHeadersOnCopy, ); }; };
		82E51B971B5D4BAC003CA361 /* SwiftCheck.framework in Frameworks */ = {isa = PBXBuildFile; fileRef = 82E51B8B1B5D4B8B003CA361 /* SwiftCheck.framework */; };
		82E51B981B5D4BAE003CA361 /* SwiftCheck.framework in CopyFiles */ = {isa = PBXBuildFile; fileRef = 82E51B8B1B5D4B8B003CA361 /* SwiftCheck.framework */; settings = {ATTRIBUTES = (CodeSignOnCopy, RemoveHeadersOnCopy, ); }; };
		82F2D2591F765545009C32CC /* Operators.swift in Sources */ = {isa = PBXBuildFile; fileRef = 82F2D2581F765545009C32CC /* Operators.swift */; };
		82F2D25A1F765545009C32CC /* Operators.swift in Sources */ = {isa = PBXBuildFile; fileRef = 82F2D2581F765545009C32CC /* Operators.swift */; };
		82F2D25B1F765545009C32CC /* Operators.swift in Sources */ = {isa = PBXBuildFile; fileRef = 82F2D2581F765545009C32CC /* Operators.swift */; };
		82F2D25C1F765545009C32CC /* Operators.swift in Sources */ = {isa = PBXBuildFile; fileRef = 82F2D2581F765545009C32CC /* Operators.swift */; };
		82F2D2721F76561E009C32CC /* Combinators.swift in Sources */ = {isa = PBXBuildFile; fileRef = 82F2D2641F76561E009C32CC /* Combinators.swift */; };
		82F2D2731F76561E009C32CC /* Combinators.swift in Sources */ = {isa = PBXBuildFile; fileRef = 82F2D2641F76561E009C32CC /* Combinators.swift */; };
		82F2D2741F76561E009C32CC /* Combinators.swift in Sources */ = {isa = PBXBuildFile; fileRef = 82F2D2641F76561E009C32CC /* Combinators.swift */; };
		82F2D2751F76561E009C32CC /* Combinators.swift in Sources */ = {isa = PBXBuildFile; fileRef = 82F2D2641F76561E009C32CC /* Combinators.swift */; };
		82F2D27D1F765655009C32CC /* Optional.swift in Sources */ = {isa = PBXBuildFile; fileRef = 82F2D27A1F765655009C32CC /* Optional.swift */; };
		82F2D27E1F765655009C32CC /* Optional.swift in Sources */ = {isa = PBXBuildFile; fileRef = 82F2D27A1F765655009C32CC /* Optional.swift */; };
		82F2D27F1F765655009C32CC /* Optional.swift in Sources */ = {isa = PBXBuildFile; fileRef = 82F2D27A1F765655009C32CC /* Optional.swift */; };
		82F2D2801F765655009C32CC /* Optional.swift in Sources */ = {isa = PBXBuildFile; fileRef = 82F2D27A1F765655009C32CC /* Optional.swift */; };
		82F2D2811F765655009C32CC /* Error.swift in Sources */ = {isa = PBXBuildFile; fileRef = 82F2D27B1F765655009C32CC /* Error.swift */; };
		82F2D2821F765655009C32CC /* Error.swift in Sources */ = {isa = PBXBuildFile; fileRef = 82F2D27B1F765655009C32CC /* Error.swift */; };
		82F2D2831F765655009C32CC /* Error.swift in Sources */ = {isa = PBXBuildFile; fileRef = 82F2D27B1F765655009C32CC /* Error.swift */; };
		82F2D2841F765655009C32CC /* Error.swift in Sources */ = {isa = PBXBuildFile; fileRef = 82F2D27B1F765655009C32CC /* Error.swift */; };
		82F2D2851F765655009C32CC /* Either.swift in Sources */ = {isa = PBXBuildFile; fileRef = 82F2D27C1F765655009C32CC /* Either.swift */; };
		82F2D2861F765655009C32CC /* Either.swift in Sources */ = {isa = PBXBuildFile; fileRef = 82F2D27C1F765655009C32CC /* Either.swift */; };
		82F2D2871F765655009C32CC /* Either.swift in Sources */ = {isa = PBXBuildFile; fileRef = 82F2D27C1F765655009C32CC /* Either.swift */; };
		82F2D2881F765655009C32CC /* Either.swift in Sources */ = {isa = PBXBuildFile; fileRef = 82F2D27C1F765655009C32CC /* Either.swift */; };
		82F2D28A1F765662009C32CC /* Array.swift in Sources */ = {isa = PBXBuildFile; fileRef = 82F2D2891F765662009C32CC /* Array.swift */; };
		82F2D28B1F765662009C32CC /* Array.swift in Sources */ = {isa = PBXBuildFile; fileRef = 82F2D2891F765662009C32CC /* Array.swift */; };
		82F2D28C1F765662009C32CC /* Array.swift in Sources */ = {isa = PBXBuildFile; fileRef = 82F2D2891F765662009C32CC /* Array.swift */; };
		82F2D28D1F765662009C32CC /* Array.swift in Sources */ = {isa = PBXBuildFile; fileRef = 82F2D2891F765662009C32CC /* Array.swift */; };
		82FCDC3E1D73C4330011C27F /* Swiftx.h in Headers */ = {isa = PBXBuildFile; fileRef = 82FCDC3D1D73C4330011C27F /* Swiftx.h */; settings = {ATTRIBUTES = (Public, ); }; };
		82FCDC3F1D73C4330011C27F /* Swiftx.h in Headers */ = {isa = PBXBuildFile; fileRef = 82FCDC3D1D73C4330011C27F /* Swiftx.h */; settings = {ATTRIBUTES = (Public, ); }; };
		82FCDC401D73C4330011C27F /* Swiftx.h in Headers */ = {isa = PBXBuildFile; fileRef = 82FCDC3D1D73C4330011C27F /* Swiftx.h */; settings = {ATTRIBUTES = (Public, ); }; };
		82FCDC411D73C4330011C27F /* Swiftx.h in Headers */ = {isa = PBXBuildFile; fileRef = 82FCDC3D1D73C4330011C27F /* Swiftx.h */; settings = {ATTRIBUTES = (Public, ); }; };
		82FCDC421D73C4910011C27F /* EitherSpec.swift in Sources */ = {isa = PBXBuildFile; fileRef = 82FCDC231D73C3A50011C27F /* EitherSpec.swift */; };
		82FCDC431D73C4920011C27F /* EitherSpec.swift in Sources */ = {isa = PBXBuildFile; fileRef = 82FCDC231D73C3A50011C27F /* EitherSpec.swift */; };
		82FCDC441D73C4930011C27F /* EitherSpec.swift in Sources */ = {isa = PBXBuildFile; fileRef = 82FCDC231D73C3A50011C27F /* EitherSpec.swift */; };
		841408BD1B1A89AD00BA2B6C /* Swiftx.framework in CopyFiles */ = {isa = PBXBuildFile; fileRef = 84DF76681B0BDE0A00C912B0 /* Swiftx.framework */; settings = {ATTRIBUTES = (CodeSignOnCopy, RemoveHeadersOnCopy, ); }; };
		8480AB371A7B232A00C6162D /* Swiftx.framework in CopyFiles */ = {isa = PBXBuildFile; fileRef = 84A88C891A70BD71003D53CF /* Swiftx.framework */; settings = {ATTRIBUTES = (CodeSignOnCopy, RemoveHeadersOnCopy, ); }; };
		84A88C951A70BD71003D53CF /* Swiftx.framework in Frameworks */ = {isa = PBXBuildFile; fileRef = 84A88C891A70BD71003D53CF /* Swiftx.framework */; };
/* End PBXBuildFile section */

/* Begin PBXContainerItemProxy section */
		8240CD8C1C3A39D500EF4D29 /* PBXContainerItemProxy */ = {
			isa = PBXContainerItemProxy;
			containerPortal = 84A88C801A70BD71003D53CF /* Project object */;
			proxyType = 1;
			remoteGlobalIDString = 8240CD801C3A39D500EF4D29;
			remoteInfo = "Swiftx-tvOS";
		};
		8240CD9A1C3A39D600EF4D29 /* PBXContainerItemProxy */ = {
			isa = PBXContainerItemProxy;
			containerPortal = 82E51B831B5D4B8B003CA361 /* SwiftCheck.xcodeproj */;
			proxyType = 2;
			remoteGlobalIDString = 8240CCB11C3A123600EF4D29;
			remoteInfo = "SwiftCheck-tvOS";
		};
		8240CD9C1C3A39D600EF4D29 /* PBXContainerItemProxy */ = {
			isa = PBXContainerItemProxy;
			containerPortal = 82E51B831B5D4B8B003CA361 /* SwiftCheck.xcodeproj */;
			proxyType = 2;
			remoteGlobalIDString = 8240CCBA1C3A123700EF4D29;
			remoteInfo = "SwiftCheck-tvOSTests";
		};
		8240CDCE1C3A401500EF4D29 /* PBXContainerItemProxy */ = {
			isa = PBXContainerItemProxy;
			containerPortal = 82E51B831B5D4B8B003CA361 /* SwiftCheck.xcodeproj */;
			proxyType = 1;
			remoteGlobalIDString = 8240CCB01C3A123600EF4D29;
			remoteInfo = "SwiftCheck-tvOS";
		};
		826F9C17224E497900FA5106 /* PBXContainerItemProxy */ = {
			isa = PBXContainerItemProxy;
			containerPortal = 82E51B831B5D4B8B003CA361 /* SwiftCheck.xcodeproj */;
			proxyType = 1;
			remoteGlobalIDString = 84DF75F71B0BD54600C912B0;
			remoteInfo = "SwiftCheck-iOS";
		};
		82E51B8A1B5D4B8B003CA361 /* PBXContainerItemProxy */ = {
			isa = PBXContainerItemProxy;
			containerPortal = 82E51B831B5D4B8B003CA361 /* SwiftCheck.xcodeproj */;
			proxyType = 2;
			remoteGlobalIDString = 844FCC8D198B320500EB242A;
			remoteInfo = SwiftCheck;
		};
		82E51B8C1B5D4B8B003CA361 /* PBXContainerItemProxy */ = {
			isa = PBXContainerItemProxy;
			containerPortal = 82E51B831B5D4B8B003CA361 /* SwiftCheck.xcodeproj */;
			proxyType = 2;
			remoteGlobalIDString = 844FCC98198B320500EB242A;
			remoteInfo = SwiftCheckTests;
		};
		82E51B8E1B5D4B8B003CA361 /* PBXContainerItemProxy */ = {
			isa = PBXContainerItemProxy;
			containerPortal = 82E51B831B5D4B8B003CA361 /* SwiftCheck.xcodeproj */;
			proxyType = 2;
			remoteGlobalIDString = 84DF75F81B0BD54600C912B0;
			remoteInfo = "SwiftCheck-iOS";
		};
		82E51B901B5D4B8B003CA361 /* PBXContainerItemProxy */ = {
			isa = PBXContainerItemProxy;
			containerPortal = 82E51B831B5D4B8B003CA361 /* SwiftCheck.xcodeproj */;
			proxyType = 2;
			remoteGlobalIDString = 84DF76021B0BD54600C912B0;
			remoteInfo = "SwiftCheck-iOSTests";
		};
		82E51B9A1B5D4BB9003CA361 /* PBXContainerItemProxy */ = {
			isa = PBXContainerItemProxy;
			containerPortal = 82E51B831B5D4B8B003CA361 /* SwiftCheck.xcodeproj */;
			proxyType = 1;
			remoteGlobalIDString = 844FCC8C198B320500EB242A;
			remoteInfo = SwiftCheck;
		};
		84A88C961A70BD71003D53CF /* PBXContainerItemProxy */ = {
			isa = PBXContainerItemProxy;
			containerPortal = 84A88C801A70BD71003D53CF /* Project object */;
			proxyType = 1;
			remoteGlobalIDString = 84A88C881A70BD71003D53CF;
			remoteInfo = Swiftx;
		};
		84DF76741B0BDE0A00C912B0 /* PBXContainerItemProxy */ = {
			isa = PBXContainerItemProxy;
			containerPortal = 84A88C801A70BD71003D53CF /* Project object */;
			proxyType = 1;
			remoteGlobalIDString = 84DF76671B0BDE0A00C912B0;
			remoteInfo = "Swiftx-iOS";
		};
/* End PBXContainerItemProxy section */

/* Begin PBXCopyFilesBuildPhase section */
		841408BC1B1A89A600BA2B6C /* CopyFiles */ = {
			isa = PBXCopyFilesBuildPhase;
			buildActionMask = 2147483647;
			dstPath = "";
			dstSubfolderSpec = 10;
			files = (
				82E51B961B5D4BA3003CA361 /* SwiftCheck.framework in CopyFiles */,
				841408BD1B1A89AD00BA2B6C /* Swiftx.framework in CopyFiles */,
			);
			runOnlyForDeploymentPostprocessing = 0;
		};
		8480AB361A7B232200C6162D /* CopyFiles */ = {
			isa = PBXCopyFilesBuildPhase;
			buildActionMask = 2147483647;
			dstPath = "";
			dstSubfolderSpec = 10;
			files = (
				82E51B981B5D4BAE003CA361 /* SwiftCheck.framework in CopyFiles */,
				8480AB371A7B232A00C6162D /* Swiftx.framework in CopyFiles */,
			);
			runOnlyForDeploymentPostprocessing = 0;
		};
/* End PBXCopyFilesBuildPhase section */

/* Begin PBXFileReference section */
		8240CD811C3A39D500EF4D29 /* Swiftx.framework */ = {isa = PBXFileReference; explicitFileType = wrapper.framework; includeInIndex = 0; path = Swiftx.framework; sourceTree = BUILT_PRODUCTS_DIR; };
		8240CD8A1C3A39D500EF4D29 /* Swiftx-tvOSTests.xctest */ = {isa = PBXFileReference; explicitFileType = wrapper.cfbundle; includeInIndex = 0; path = "Swiftx-tvOSTests.xctest"; sourceTree = BUILT_PRODUCTS_DIR; };
		8240CDA51C3A39F000EF4D29 /* Swiftx.framework */ = {isa = PBXFileReference; explicitFileType = wrapper.framework; includeInIndex = 0; path = Swiftx.framework; sourceTree = BUILT_PRODUCTS_DIR; };
		826F9C1A224E49D300FA5106 /* SwiftCheck.framework */ = {isa = PBXFileReference; lastKnownFileType = wrapper.framework; name = SwiftCheck.framework; path = "../../Library/Developer/Xcode/DerivedData/Swiftx-gvghmkefilcrbjeddxunzrknagfa/Build/Products/Debug-iphoneos/SwiftCheck.framework"; sourceTree = "<group>"; };
		82E51B831B5D4B8B003CA361 /* SwiftCheck.xcodeproj */ = {isa = PBXFileReference; lastKnownFileType = "wrapper.pb-project"; name = SwiftCheck.xcodeproj; path = Carthage/Checkouts/SwiftCheck/SwiftCheck.xcodeproj; sourceTree = "<group>"; };
		82F2D2581F765545009C32CC /* Operators.swift */ = {isa = PBXFileReference; lastKnownFileType = sourcecode.swift; name = Operators.swift; path = Carthage/Checkouts/Operadics/Sources/Operadics/Operators.swift; sourceTree = SOURCE_ROOT; };
		82F2D2641F76561E009C32CC /* Combinators.swift */ = {isa = PBXFileReference; lastKnownFileType = sourcecode.swift; name = Combinators.swift; path = Sources/Swiftx/Combinators.swift; sourceTree = SOURCE_ROOT; };
		82F2D27A1F765655009C32CC /* Optional.swift */ = {isa = PBXFileReference; lastKnownFileType = sourcecode.swift; name = Optional.swift; path = Sources/Swiftx/Optional.swift; sourceTree = SOURCE_ROOT; };
		82F2D27B1F765655009C32CC /* Error.swift */ = {isa = PBXFileReference; lastKnownFileType = sourcecode.swift; name = Error.swift; path = Sources/Swiftx/Error.swift; sourceTree = SOURCE_ROOT; };
		82F2D27C1F765655009C32CC /* Either.swift */ = {isa = PBXFileReference; lastKnownFileType = sourcecode.swift; name = Either.swift; path = Sources/Swiftx/Either.swift; sourceTree = SOURCE_ROOT; };
		82F2D2891F765662009C32CC /* Array.swift */ = {isa = PBXFileReference; lastKnownFileType = sourcecode.swift; name = Array.swift; path = Sources/Swiftx/Array.swift; sourceTree = SOURCE_ROOT; };
		82FCDC231D73C3A50011C27F /* EitherSpec.swift */ = {isa = PBXFileReference; fileEncoding = 4; lastKnownFileType = sourcecode.swift; name = EitherSpec.swift; path = Tests/SwiftxTests/EitherSpec.swift; sourceTree = "<group>"; };
		82FCDC241D73C3A50011C27F /* Info.plist */ = {isa = PBXFileReference; fileEncoding = 4; lastKnownFileType = text.plist.xml; name = Info.plist; path = Tests/Info.plist; sourceTree = "<group>"; };
		82FCDC371D73C3CC0011C27F /* Info.plist */ = {isa = PBXFileReference; fileEncoding = 4; lastKnownFileType = text.plist.xml; name = Info.plist; path = Sources/Info.plist; sourceTree = SOURCE_ROOT; };
		82FCDC3D1D73C4330011C27F /* Swiftx.h */ = {isa = PBXFileReference; fileEncoding = 4; lastKnownFileType = sourcecode.c.h; name = Swiftx.h; path = Carthage/Checkouts/SwiftCheck/../../../Sources/Swiftx.h; sourceTree = "<group>"; };
		84A88C891A70BD71003D53CF /* Swiftx.framework */ = {isa = PBXFileReference; explicitFileType = wrapper.framework; includeInIndex = 0; path = Swiftx.framework; sourceTree = BUILT_PRODUCTS_DIR; };
		84A88C941A70BD71003D53CF /* SwiftxTests.xctest */ = {isa = PBXFileReference; explicitFileType = wrapper.cfbundle; includeInIndex = 0; path = SwiftxTests.xctest; sourceTree = BUILT_PRODUCTS_DIR; };
		84DF76681B0BDE0A00C912B0 /* Swiftx.framework */ = {isa = PBXFileReference; explicitFileType = wrapper.framework; includeInIndex = 0; path = Swiftx.framework; sourceTree = BUILT_PRODUCTS_DIR; };
		84DF76721B0BDE0A00C912B0 /* Swiftx-iOSTests.xctest */ = {isa = PBXFileReference; explicitFileType = wrapper.cfbundle; includeInIndex = 0; path = "Swiftx-iOSTests.xctest"; sourceTree = BUILT_PRODUCTS_DIR; };
/* End PBXFileReference section */

/* Begin PBXFrameworksBuildPhase section */
		8240CD7D1C3A39D500EF4D29 /* Frameworks */ = {
			isa = PBXFrameworksBuildPhase;
			buildActionMask = 2147483647;
			files = (
			);
			runOnlyForDeploymentPostprocessing = 0;
		};
		8240CD871C3A39D500EF4D29 /* Frameworks */ = {
			isa = PBXFrameworksBuildPhase;
			buildActionMask = 2147483647;
			files = (
				826F9C16224E493B00FA5106 /* SwiftCheck.framework in Frameworks */,
				8240CD8B1C3A39D500EF4D29 /* Swiftx.framework in Frameworks */,
			);
			runOnlyForDeploymentPostprocessing = 0;
		};
		8240CDA11C3A39F000EF4D29 /* Frameworks */ = {
			isa = PBXFrameworksBuildPhase;
			buildActionMask = 2147483647;
			files = (
			);
			runOnlyForDeploymentPostprocessing = 0;
		};
		84A88C851A70BD71003D53CF /* Frameworks */ = {
			isa = PBXFrameworksBuildPhase;
			buildActionMask = 2147483647;
			files = (
			);
			runOnlyForDeploymentPostprocessing = 0;
		};
		84A88C911A70BD71003D53CF /* Frameworks */ = {
			isa = PBXFrameworksBuildPhase;
			buildActionMask = 2147483647;
			files = (
				82E51B971B5D4BAC003CA361 /* SwiftCheck.framework in Frameworks */,
				84A88C951A70BD71003D53CF /* Swiftx.framework in Frameworks */,
			);
			runOnlyForDeploymentPostprocessing = 0;
		};
		84DF76641B0BDE0A00C912B0 /* Frameworks */ = {
			isa = PBXFrameworksBuildPhase;
			buildActionMask = 2147483647;
			files = (
			);
			runOnlyForDeploymentPostprocessing = 0;
		};
		84DF766F1B0BDE0A00C912B0 /* Frameworks */ = {
			isa = PBXFrameworksBuildPhase;
			buildActionMask = 2147483647;
			files = (
				826F9C19224E499C00FA5106 /* Swiftx.framework in Frameworks */,
				826F9C1B224E49D300FA5106 /* SwiftCheck.framework in Frameworks */,
			);
			runOnlyForDeploymentPostprocessing = 0;
		};
/* End PBXFrameworksBuildPhase section */

/* Begin PBXGroup section */
		826F9C15224E493B00FA5106 /* Frameworks */ = {
			isa = PBXGroup;
			children = (
				826F9C1A224E49D300FA5106 /* SwiftCheck.framework */,
			);
			name = Frameworks;
			sourceTree = "<group>";
		};
		82E51B841B5D4B8B003CA361 /* Products */ = {
			isa = PBXGroup;
			children = (
				82E51B8B1B5D4B8B003CA361 /* SwiftCheck.framework */,
				82E51B8D1B5D4B8B003CA361 /* SwiftCheckTests.xctest */,
				82E51B8F1B5D4B8B003CA361 /* SwiftCheck.framework */,
				82E51B911B5D4B8B003CA361 /* SwiftCheck-iOSTests.xctest */,
				8240CD9B1C3A39D600EF4D29 /* SwiftCheck.framework */,
				8240CD9D1C3A39D600EF4D29 /* SwiftCheck-tvOSTests.xctest */,
			);
			name = Products;
			sourceTree = "<group>";
		};
		84A88C7F1A70BD71003D53CF = {
			isa = PBXGroup;
			children = (
				82FCDC3D1D73C4330011C27F /* Swiftx.h */,
				82E51B831B5D4B8B003CA361 /* SwiftCheck.xcodeproj */,
				84A88CE81A70BDB9003D53CF /* Swiftx */,
				84A88D2E1A70BF0A003D53CF /* SwiftxTests */,
				84A88C8A1A70BD71003D53CF /* Products */,
				826F9C15224E493B00FA5106 /* Frameworks */,
			);
			indentWidth = 4;
			sourceTree = "<group>";
			tabWidth = 4;
			usesTabs = 1;
		};
		84A88C8A1A70BD71003D53CF /* Products */ = {
			isa = PBXGroup;
			children = (
				84A88C891A70BD71003D53CF /* Swiftx.framework */,
				84A88C941A70BD71003D53CF /* SwiftxTests.xctest */,
				84DF76681B0BDE0A00C912B0 /* Swiftx.framework */,
				84DF76721B0BDE0A00C912B0 /* Swiftx-iOSTests.xctest */,
				8240CD811C3A39D500EF4D29 /* Swiftx.framework */,
				8240CD8A1C3A39D500EF4D29 /* Swiftx-tvOSTests.xctest */,
				8240CDA51C3A39F000EF4D29 /* Swiftx.framework */,
			);
			name = Products;
			sourceTree = "<group>";
		};
		84A88CE81A70BDB9003D53CF /* Swiftx */ = {
			isa = PBXGroup;
			children = (
				82F2D2581F765545009C32CC /* Operators.swift */,
				82F2D2641F76561E009C32CC /* Combinators.swift */,
				84A88D2B1A70BEE0003D53CF /* Data */,
				84A88D2C1A70BEEA003D53CF /* Stdlib */,
				84A88D091A70BDDD003D53CF /* Supporting Files */,
			);
			path = Swiftx;
			sourceTree = "<group>";
		};
		84A88D091A70BDDD003D53CF /* Supporting Files */ = {
			isa = PBXGroup;
			children = (
				82FCDC371D73C3CC0011C27F /* Info.plist */,
			);
			name = "Supporting Files";
			sourceTree = "<group>";
		};
		84A88D2B1A70BEE0003D53CF /* Data */ = {
			isa = PBXGroup;
			children = (
				82F2D2891F765662009C32CC /* Array.swift */,
			);
			name = Data;
			sourceTree = "<group>";
		};
		84A88D2C1A70BEEA003D53CF /* Stdlib */ = {
			isa = PBXGroup;
			children = (
				82F2D27C1F765655009C32CC /* Either.swift */,
				82F2D27B1F765655009C32CC /* Error.swift */,
				82F2D27A1F765655009C32CC /* Optional.swift */,
			);
			name = Stdlib;
			sourceTree = "<group>";
		};
		84A88D2E1A70BF0A003D53CF /* SwiftxTests */ = {
			isa = PBXGroup;
			children = (
				82FCDC231D73C3A50011C27F /* EitherSpec.swift */,
				84A88D371A70BF4F003D53CF /* Supporting Files */,
			);
			name = SwiftxTests;
			sourceTree = "<group>";
		};
		84A88D371A70BF4F003D53CF /* Supporting Files */ = {
			isa = PBXGroup;
			children = (
				82FCDC241D73C3A50011C27F /* Info.plist */,
			);
			name = "Supporting Files";
			sourceTree = "<group>";
		};
/* End PBXGroup section */

/* Begin PBXHeadersBuildPhase section */
		8240CD7E1C3A39D500EF4D29 /* Headers */ = {
			isa = PBXHeadersBuildPhase;
			buildActionMask = 2147483647;
			files = (
				82FCDC401D73C4330011C27F /* Swiftx.h in Headers */,
			);
			runOnlyForDeploymentPostprocessing = 0;
		};
		8240CDA21C3A39F000EF4D29 /* Headers */ = {
			isa = PBXHeadersBuildPhase;
			buildActionMask = 2147483647;
			files = (
				82FCDC411D73C4330011C27F /* Swiftx.h in Headers */,
			);
			runOnlyForDeploymentPostprocessing = 0;
		};
		84A88C861A70BD71003D53CF /* Headers */ = {
			isa = PBXHeadersBuildPhase;
			buildActionMask = 2147483647;
			files = (
				82FCDC3E1D73C4330011C27F /* Swiftx.h in Headers */,
			);
			runOnlyForDeploymentPostprocessing = 0;
		};
		84DF76651B0BDE0A00C912B0 /* Headers */ = {
			isa = PBXHeadersBuildPhase;
			buildActionMask = 2147483647;
			files = (
				82FCDC3F1D73C4330011C27F /* Swiftx.h in Headers */,
			);
			runOnlyForDeploymentPostprocessing = 0;
		};
/* End PBXHeadersBuildPhase section */

/* Begin PBXNativeTarget section */
		8240CD801C3A39D500EF4D29 /* Swiftx-tvOS */ = {
			isa = PBXNativeTarget;
			buildConfigurationList = 8240CD9E1C3A39D600EF4D29 /* Build configuration list for PBXNativeTarget "Swiftx-tvOS" */;
			buildPhases = (
				8240CD7C1C3A39D500EF4D29 /* Sources */,
				8240CD7D1C3A39D500EF4D29 /* Frameworks */,
				8240CD7E1C3A39D500EF4D29 /* Headers */,
				8240CD7F1C3A39D500EF4D29 /* Resources */,
			);
			buildRules = (
			);
			dependencies = (
			);
			name = "Swiftx-tvOS";
			productName = "Swiftx-tvOS";
			productReference = 8240CD811C3A39D500EF4D29 /* Swiftx.framework */;
			productType = "com.apple.product-type.framework";
		};
		8240CD891C3A39D500EF4D29 /* Swiftx-tvOSTests */ = {
			isa = PBXNativeTarget;
			buildConfigurationList = 8240CD9F1C3A39D600EF4D29 /* Build configuration list for PBXNativeTarget "Swiftx-tvOSTests" */;
			buildPhases = (
				8240CD861C3A39D500EF4D29 /* Sources */,
				8240CD871C3A39D500EF4D29 /* Frameworks */,
				8240CD881C3A39D500EF4D29 /* Resources */,
			);
			buildRules = (
			);
			dependencies = (
				8240CDCF1C3A401500EF4D29 /* PBXTargetDependency */,
				8240CD8D1C3A39D500EF4D29 /* PBXTargetDependency */,
			);
			name = "Swiftx-tvOSTests";
			productName = "Swiftx-tvOSTests";
			productReference = 8240CD8A1C3A39D500EF4D29 /* Swiftx-tvOSTests.xctest */;
			productType = "com.apple.product-type.bundle.unit-test";
		};
		8240CDA41C3A39F000EF4D29 /* Swiftx-watchOS */ = {
			isa = PBXNativeTarget;
			buildConfigurationList = 8240CDAA1C3A39F000EF4D29 /* Build configuration list for PBXNativeTarget "Swiftx-watchOS" */;
			buildPhases = (
				8240CDA01C3A39F000EF4D29 /* Sources */,
				8240CDA11C3A39F000EF4D29 /* Frameworks */,
				8240CDA21C3A39F000EF4D29 /* Headers */,
				8240CDA31C3A39F000EF4D29 /* Resources */,
			);
			buildRules = (
			);
			dependencies = (
			);
			name = "Swiftx-watchOS";
			productName = "Swiftx-watchOS";
			productReference = 8240CDA51C3A39F000EF4D29 /* Swiftx.framework */;
			productType = "com.apple.product-type.framework";
		};
		84A88C881A70BD71003D53CF /* Swiftx */ = {
			isa = PBXNativeTarget;
			buildConfigurationList = 84A88C9F1A70BD71003D53CF /* Build configuration list for PBXNativeTarget "Swiftx" */;
			buildPhases = (
				84A88C841A70BD71003D53CF /* Sources */,
				84A88C851A70BD71003D53CF /* Frameworks */,
				84A88C861A70BD71003D53CF /* Headers */,
				84A88C871A70BD71003D53CF /* Resources */,
			);
			buildRules = (
			);
			dependencies = (
			);
			name = Swiftx;
			productName = Swiftx;
			productReference = 84A88C891A70BD71003D53CF /* Swiftx.framework */;
			productType = "com.apple.product-type.framework";
		};
		84A88C931A70BD71003D53CF /* SwiftxTests */ = {
			isa = PBXNativeTarget;
			buildConfigurationList = 84A88CA21A70BD71003D53CF /* Build configuration list for PBXNativeTarget "SwiftxTests" */;
			buildPhases = (
				84A88C901A70BD71003D53CF /* Sources */,
				84A88C911A70BD71003D53CF /* Frameworks */,
				84A88C921A70BD71003D53CF /* Resources */,
				8480AB361A7B232200C6162D /* CopyFiles */,
			);
			buildRules = (
			);
			dependencies = (
				82E51B9B1B5D4BB9003CA361 /* PBXTargetDependency */,
				84A88C971A70BD71003D53CF /* PBXTargetDependency */,
			);
			name = SwiftxTests;
			productName = SwiftxTests;
			productReference = 84A88C941A70BD71003D53CF /* SwiftxTests.xctest */;
			productType = "com.apple.product-type.bundle.unit-test";
		};
		84DF76671B0BDE0A00C912B0 /* Swiftx-iOS */ = {
			isa = PBXNativeTarget;
			buildConfigurationList = 84DF767B1B0BDE0A00C912B0 /* Build configuration list for PBXNativeTarget "Swiftx-iOS" */;
			buildPhases = (
				84DF76631B0BDE0A00C912B0 /* Sources */,
				84DF76641B0BDE0A00C912B0 /* Frameworks */,
				84DF76651B0BDE0A00C912B0 /* Headers */,
				84DF76661B0BDE0A00C912B0 /* Resources */,
			);
			buildRules = (
			);
			dependencies = (
			);
			name = "Swiftx-iOS";
			productName = "Swiftx-iOS";
			productReference = 84DF76681B0BDE0A00C912B0 /* Swiftx.framework */;
			productType = "com.apple.product-type.framework";
		};
		84DF76711B0BDE0A00C912B0 /* Swiftx-iOSTests */ = {
			isa = PBXNativeTarget;
			buildConfigurationList = 84DF767E1B0BDE0A00C912B0 /* Build configuration list for PBXNativeTarget "Swiftx-iOSTests" */;
			buildPhases = (
				84DF766E1B0BDE0A00C912B0 /* Sources */,
				84DF766F1B0BDE0A00C912B0 /* Frameworks */,
				84DF76701B0BDE0A00C912B0 /* Resources */,
				841408BC1B1A89A600BA2B6C /* CopyFiles */,
			);
			buildRules = (
			);
			dependencies = (
				826F9C18224E497900FA5106 /* PBXTargetDependency */,
				84DF76751B0BDE0A00C912B0 /* PBXTargetDependency */,
			);
			name = "Swiftx-iOSTests";
			productName = "Swiftx-iOSTests";
			productReference = 84DF76721B0BDE0A00C912B0 /* Swiftx-iOSTests.xctest */;
			productType = "com.apple.product-type.bundle.unit-test";
		};
/* End PBXNativeTarget section */

/* Begin PBXProject section */
		84A88C801A70BD71003D53CF /* Project object */ = {
			isa = PBXProject;
			attributes = {
				LastSwiftUpdateCheck = 0720;
				LastUpgradeCheck = 1020;
				ORGANIZATIONNAME = TypeLift;
				TargetAttributes = {
					8240CD801C3A39D500EF4D29 = {
						CreatedOnToolsVersion = 7.2;
					};
					8240CD891C3A39D500EF4D29 = {
						CreatedOnToolsVersion = 7.2;
					};
					8240CDA41C3A39F000EF4D29 = {
						CreatedOnToolsVersion = 7.2;
					};
					84A88C881A70BD71003D53CF = {
						CreatedOnToolsVersion = 6.2;
						LastSwiftMigration = 1020;
					};
					84A88C931A70BD71003D53CF = {
						CreatedOnToolsVersion = 6.2;
						LastSwiftMigration = 1020;
					};
					84DF76671B0BDE0A00C912B0 = {
						CreatedOnToolsVersion = 6.4;
						LastSwiftMigration = 1020;
					};
					84DF76711B0BDE0A00C912B0 = {
						CreatedOnToolsVersion = 6.4;
						DevelopmentTeam = D33M56YTC8;
						LastSwiftMigration = 1020;
					};
				};
			};
			buildConfigurationList = 84A88C831A70BD71003D53CF /* Build configuration list for PBXProject "Swiftx" */;
			compatibilityVersion = "Xcode 3.2";
			developmentRegion = en;
			hasScannedForEncodings = 0;
			knownRegions = (
				en,
				Base,
			);
			mainGroup = 84A88C7F1A70BD71003D53CF;
			productRefGroup = 84A88C8A1A70BD71003D53CF /* Products */;
			projectDirPath = "";
			projectReferences = (
				{
					ProductGroup = 82E51B841B5D4B8B003CA361 /* Products */;
					ProjectRef = 82E51B831B5D4B8B003CA361 /* SwiftCheck.xcodeproj */;
				},
			);
			projectRoot = "";
			targets = (
				84A88C881A70BD71003D53CF /* Swiftx */,
				84A88C931A70BD71003D53CF /* SwiftxTests */,
				84DF76671B0BDE0A00C912B0 /* Swiftx-iOS */,
				84DF76711B0BDE0A00C912B0 /* Swiftx-iOSTests */,
				8240CD801C3A39D500EF4D29 /* Swiftx-tvOS */,
				8240CD891C3A39D500EF4D29 /* Swiftx-tvOSTests */,
				8240CDA41C3A39F000EF4D29 /* Swiftx-watchOS */,
			);
		};
/* End PBXProject section */

/* Begin PBXReferenceProxy section */
		8240CD9B1C3A39D600EF4D29 /* SwiftCheck.framework */ = {
			isa = PBXReferenceProxy;
			fileType = wrapper.framework;
			path = SwiftCheck.framework;
			remoteRef = 8240CD9A1C3A39D600EF4D29 /* PBXContainerItemProxy */;
			sourceTree = BUILT_PRODUCTS_DIR;
		};
		8240CD9D1C3A39D600EF4D29 /* SwiftCheck-tvOSTests.xctest */ = {
			isa = PBXReferenceProxy;
			fileType = wrapper.cfbundle;
			path = "SwiftCheck-tvOSTests.xctest";
			remoteRef = 8240CD9C1C3A39D600EF4D29 /* PBXContainerItemProxy */;
			sourceTree = BUILT_PRODUCTS_DIR;
		};
		82E51B8B1B5D4B8B003CA361 /* SwiftCheck.framework */ = {
			isa = PBXReferenceProxy;
			fileType = wrapper.framework;
			path = SwiftCheck.framework;
			remoteRef = 82E51B8A1B5D4B8B003CA361 /* PBXContainerItemProxy */;
			sourceTree = BUILT_PRODUCTS_DIR;
		};
		82E51B8D1B5D4B8B003CA361 /* SwiftCheckTests.xctest */ = {
			isa = PBXReferenceProxy;
			fileType = wrapper.cfbundle;
			path = SwiftCheckTests.xctest;
			remoteRef = 82E51B8C1B5D4B8B003CA361 /* PBXContainerItemProxy */;
			sourceTree = BUILT_PRODUCTS_DIR;
		};
		82E51B8F1B5D4B8B003CA361 /* SwiftCheck.framework */ = {
			isa = PBXReferenceProxy;
			fileType = wrapper.framework;
			path = SwiftCheck.framework;
			remoteRef = 82E51B8E1B5D4B8B003CA361 /* PBXContainerItemProxy */;
			sourceTree = BUILT_PRODUCTS_DIR;
		};
		82E51B911B5D4B8B003CA361 /* SwiftCheck-iOSTests.xctest */ = {
			isa = PBXReferenceProxy;
			fileType = wrapper.cfbundle;
			path = "SwiftCheck-iOSTests.xctest";
			remoteRef = 82E51B901B5D4B8B003CA361 /* PBXContainerItemProxy */;
			sourceTree = BUILT_PRODUCTS_DIR;
		};
/* End PBXReferenceProxy section */

/* Begin PBXResourcesBuildPhase section */
		8240CD7F1C3A39D500EF4D29 /* Resources */ = {
			isa = PBXResourcesBuildPhase;
			buildActionMask = 2147483647;
			files = (
			);
			runOnlyForDeploymentPostprocessing = 0;
		};
		8240CD881C3A39D500EF4D29 /* Resources */ = {
			isa = PBXResourcesBuildPhase;
			buildActionMask = 2147483647;
			files = (
			);
			runOnlyForDeploymentPostprocessing = 0;
		};
		8240CDA31C3A39F000EF4D29 /* Resources */ = {
			isa = PBXResourcesBuildPhase;
			buildActionMask = 2147483647;
			files = (
			);
			runOnlyForDeploymentPostprocessing = 0;
		};
		84A88C871A70BD71003D53CF /* Resources */ = {
			isa = PBXResourcesBuildPhase;
			buildActionMask = 2147483647;
			files = (
			);
			runOnlyForDeploymentPostprocessing = 0;
		};
		84A88C921A70BD71003D53CF /* Resources */ = {
			isa = PBXResourcesBuildPhase;
			buildActionMask = 2147483647;
			files = (
			);
			runOnlyForDeploymentPostprocessing = 0;
		};
		84DF76661B0BDE0A00C912B0 /* Resources */ = {
			isa = PBXResourcesBuildPhase;
			buildActionMask = 2147483647;
			files = (
			);
			runOnlyForDeploymentPostprocessing = 0;
		};
		84DF76701B0BDE0A00C912B0 /* Resources */ = {
			isa = PBXResourcesBuildPhase;
			buildActionMask = 2147483647;
			files = (
			);
			runOnlyForDeploymentPostprocessing = 0;
		};
/* End PBXResourcesBuildPhase section */

/* Begin PBXSourcesBuildPhase section */
		8240CD7C1C3A39D500EF4D29 /* Sources */ = {
			isa = PBXSourcesBuildPhase;
			buildActionMask = 2147483647;
			files = (
				82F2D2831F765655009C32CC /* Error.swift in Sources */,
				82F2D2741F76561E009C32CC /* Combinators.swift in Sources */,
				82F2D28C1F765662009C32CC /* Array.swift in Sources */,
				82F2D25A1F765545009C32CC /* Operators.swift in Sources */,
				82F2D27F1F765655009C32CC /* Optional.swift in Sources */,
				82F2D2871F765655009C32CC /* Either.swift in Sources */,
			);
			runOnlyForDeploymentPostprocessing = 0;
		};
		8240CD861C3A39D500EF4D29 /* Sources */ = {
			isa = PBXSourcesBuildPhase;
			buildActionMask = 2147483647;
			files = (
				82FCDC441D73C4930011C27F /* EitherSpec.swift in Sources */,
			);
			runOnlyForDeploymentPostprocessing = 0;
		};
		8240CDA01C3A39F000EF4D29 /* Sources */ = {
			isa = PBXSourcesBuildPhase;
			buildActionMask = 2147483647;
			files = (
				82F2D2841F765655009C32CC /* Error.swift in Sources */,
				82F2D2751F76561E009C32CC /* Combinators.swift in Sources */,
				82F2D28D1F765662009C32CC /* Array.swift in Sources */,
				82F2D25B1F765545009C32CC /* Operators.swift in Sources */,
				82F2D2801F765655009C32CC /* Optional.swift in Sources */,
				82F2D2881F765655009C32CC /* Either.swift in Sources */,
			);
			runOnlyForDeploymentPostprocessing = 0;
		};
		84A88C841A70BD71003D53CF /* Sources */ = {
			isa = PBXSourcesBuildPhase;
			buildActionMask = 2147483647;
			files = (
				82F2D2811F765655009C32CC /* Error.swift in Sources */,
				82F2D2721F76561E009C32CC /* Combinators.swift in Sources */,
				82F2D28A1F765662009C32CC /* Array.swift in Sources */,
				82F2D2591F765545009C32CC /* Operators.swift in Sources */,
				82F2D27D1F765655009C32CC /* Optional.swift in Sources */,
				82F2D2851F765655009C32CC /* Either.swift in Sources */,
			);
			runOnlyForDeploymentPostprocessing = 0;
		};
		84A88C901A70BD71003D53CF /* Sources */ = {
			isa = PBXSourcesBuildPhase;
			buildActionMask = 2147483647;
			files = (
				82FCDC421D73C4910011C27F /* EitherSpec.swift in Sources */,
			);
			runOnlyForDeploymentPostprocessing = 0;
		};
		84DF76631B0BDE0A00C912B0 /* Sources */ = {
			isa = PBXSourcesBuildPhase;
			buildActionMask = 2147483647;
			files = (
				82F2D2821F765655009C32CC /* Error.swift in Sources */,
				82F2D2731F76561E009C32CC /* Combinators.swift in Sources */,
				82F2D28B1F765662009C32CC /* Array.swift in Sources */,
				82F2D25C1F765545009C32CC /* Operators.swift in Sources */,
				82F2D27E1F765655009C32CC /* Optional.swift in Sources */,
				82F2D2861F765655009C32CC /* Either.swift in Sources */,
			);
			runOnlyForDeploymentPostprocessing = 0;
		};
		84DF766E1B0BDE0A00C912B0 /* Sources */ = {
			isa = PBXSourcesBuildPhase;
			buildActionMask = 2147483647;
			files = (
				82FCDC431D73C4920011C27F /* EitherSpec.swift in Sources */,
			);
			runOnlyForDeploymentPostprocessing = 0;
		};
/* End PBXSourcesBuildPhase section */

/* Begin PBXTargetDependency section */
		8240CD8D1C3A39D500EF4D29 /* PBXTargetDependency */ = {
			isa = PBXTargetDependency;
			target = 8240CD801C3A39D500EF4D29 /* Swiftx-tvOS */;
			targetProxy = 8240CD8C1C3A39D500EF4D29 /* PBXContainerItemProxy */;
		};
		8240CDCF1C3A401500EF4D29 /* PBXTargetDependency */ = {
			isa = PBXTargetDependency;
			name = "SwiftCheck-tvOS";
			targetProxy = 8240CDCE1C3A401500EF4D29 /* PBXContainerItemProxy */;
		};
		826F9C18224E497900FA5106 /* PBXTargetDependency */ = {
			isa = PBXTargetDependency;
			name = "SwiftCheck-iOS";
			targetProxy = 826F9C17224E497900FA5106 /* PBXContainerItemProxy */;
		};
		82E51B9B1B5D4BB9003CA361 /* PBXTargetDependency */ = {
			isa = PBXTargetDependency;
			name = SwiftCheck;
			targetProxy = 82E51B9A1B5D4BB9003CA361 /* PBXContainerItemProxy */;
		};
		84A88C971A70BD71003D53CF /* PBXTargetDependency */ = {
			isa = PBXTargetDependency;
			target = 84A88C881A70BD71003D53CF /* Swiftx */;
			targetProxy = 84A88C961A70BD71003D53CF /* PBXContainerItemProxy */;
		};
		84DF76751B0BDE0A00C912B0 /* PBXTargetDependency */ = {
			isa = PBXTargetDependency;
			target = 84DF76671B0BDE0A00C912B0 /* Swiftx-iOS */;
			targetProxy = 84DF76741B0BDE0A00C912B0 /* PBXContainerItemProxy */;
		};
/* End PBXTargetDependency section */

/* Begin XCBuildConfiguration section */
		8240CD921C3A39D600EF4D29 /* Debug */ = {
			isa = XCBuildConfiguration;
			buildSettings = {
				"CODE_SIGN_IDENTITY[sdk=appletvos*]" = "";
				DEBUG_INFORMATION_FORMAT = dwarf;
				DEFINES_MODULE = YES;
				DYLIB_COMPATIBILITY_VERSION = 1;
				DYLIB_CURRENT_VERSION = 1;
				DYLIB_INSTALL_NAME_BASE = "@rpath";
				GCC_NO_COMMON_BLOCKS = YES;
				INFOPLIST_FILE = Sources/Info.plist;
				INSTALL_PATH = "$(LOCAL_LIBRARY_DIR)/Frameworks";
				LD_RUNPATH_SEARCH_PATHS = "$(inherited) @executable_path/Frameworks @loader_path/Frameworks";
				OTHER_SWIFT_FLAGS = "";
				PRODUCT_BUNDLE_IDENTIFIER = "com.typelift.Swiftx-tvOS";
				PRODUCT_NAME = Swiftx;
				SDKROOT = appletvos;
				SKIP_INSTALL = YES;
				SWIFT_INSTALL_OBJC_HEADER = NO;
				SWIFT_OBJC_INTERFACE_HEADER_NAME = "";
				SWIFT_SWIFT3_OBJC_INFERENCE = Off;
				SWIFT_VERSION = 4.0;
				TARGETED_DEVICE_FAMILY = 3;
				TVOS_DEPLOYMENT_TARGET = 9.1;
			};
			name = Debug;
		};
		8240CD931C3A39D600EF4D29 /* Release */ = {
			isa = XCBuildConfiguration;
			buildSettings = {
				"CODE_SIGN_IDENTITY[sdk=appletvos*]" = "";
				DEFINES_MODULE = YES;
				DYLIB_COMPATIBILITY_VERSION = 1;
				DYLIB_CURRENT_VERSION = 1;
				DYLIB_INSTALL_NAME_BASE = "@rpath";
				GCC_NO_COMMON_BLOCKS = YES;
				INFOPLIST_FILE = Sources/Info.plist;
				INSTALL_PATH = "$(LOCAL_LIBRARY_DIR)/Frameworks";
				LD_RUNPATH_SEARCH_PATHS = "$(inherited) @executable_path/Frameworks @loader_path/Frameworks";
				OTHER_SWIFT_FLAGS = "";
				PRODUCT_BUNDLE_IDENTIFIER = "com.typelift.Swiftx-tvOS";
				PRODUCT_NAME = Swiftx;
				SDKROOT = appletvos;
				SKIP_INSTALL = YES;
				SWIFT_INSTALL_OBJC_HEADER = NO;
				SWIFT_OBJC_INTERFACE_HEADER_NAME = "";
				SWIFT_SWIFT3_OBJC_INFERENCE = Off;
				SWIFT_VERSION = 4.0;
				TARGETED_DEVICE_FAMILY = 3;
				TVOS_DEPLOYMENT_TARGET = 9.1;
				VALIDATE_PRODUCT = YES;
			};
			name = Release;
		};
		8240CD941C3A39D600EF4D29 /* Debug */ = {
			isa = XCBuildConfiguration;
			buildSettings = {
				APPLICATION_EXTENSION_API_ONLY = NO;
				DEBUG_INFORMATION_FORMAT = dwarf;
				GCC_NO_COMMON_BLOCKS = YES;
				INFOPLIST_FILE = Tests/Info.plist;
				LD_RUNPATH_SEARCH_PATHS = "$(inherited) @executable_path/Frameworks @loader_path/Frameworks";
				PRODUCT_BUNDLE_IDENTIFIER = "com.typelift.Swiftx-tvOSTests";
				PRODUCT_NAME = "$(TARGET_NAME)";
				SDKROOT = appletvos;
				SWIFT_SWIFT3_OBJC_INFERENCE = Off;
				SWIFT_VERSION = 4.0;
				TVOS_DEPLOYMENT_TARGET = 9.1;
			};
			name = Debug;
		};
		8240CD951C3A39D600EF4D29 /* Release */ = {
			isa = XCBuildConfiguration;
			buildSettings = {
				APPLICATION_EXTENSION_API_ONLY = NO;
				GCC_NO_COMMON_BLOCKS = YES;
				INFOPLIST_FILE = Tests/Info.plist;
				LD_RUNPATH_SEARCH_PATHS = "$(inherited) @executable_path/Frameworks @loader_path/Frameworks";
				PRODUCT_BUNDLE_IDENTIFIER = "com.typelift.Swiftx-tvOSTests";
				PRODUCT_NAME = "$(TARGET_NAME)";
				SDKROOT = appletvos;
				SWIFT_SWIFT3_OBJC_INFERENCE = Off;
				SWIFT_VERSION = 4.0;
				TVOS_DEPLOYMENT_TARGET = 9.1;
				VALIDATE_PRODUCT = YES;
			};
			name = Release;
		};
		8240CDAB1C3A39F000EF4D29 /* Debug */ = {
			isa = XCBuildConfiguration;
			buildSettings = {
				"CODE_SIGN_IDENTITY[sdk=watchos*]" = "";
				DEBUG_INFORMATION_FORMAT = dwarf;
				DEFINES_MODULE = YES;
				DYLIB_COMPATIBILITY_VERSION = 1;
				DYLIB_CURRENT_VERSION = 1;
				DYLIB_INSTALL_NAME_BASE = "@rpath";
				GCC_NO_COMMON_BLOCKS = YES;
				INFOPLIST_FILE = Sources/Info.plist;
				INSTALL_PATH = "$(LOCAL_LIBRARY_DIR)/Frameworks";
				LD_RUNPATH_SEARCH_PATHS = "$(inherited) @executable_path/Frameworks @loader_path/Frameworks";
				OTHER_SWIFT_FLAGS = "";
				PRODUCT_BUNDLE_IDENTIFIER = "com.typelift.Swiftx-watchOS";
				PRODUCT_NAME = Swiftx;
				SDKROOT = watchos;
				SKIP_INSTALL = YES;
				SWIFT_INSTALL_OBJC_HEADER = NO;
				SWIFT_OBJC_INTERFACE_HEADER_NAME = "";
				SWIFT_SWIFT3_OBJC_INFERENCE = Off;
				SWIFT_VERSION = 4.0;
				TARGETED_DEVICE_FAMILY = 4;
				WATCHOS_DEPLOYMENT_TARGET = 2.1;
			};
			name = Debug;
		};
		8240CDAC1C3A39F000EF4D29 /* Release */ = {
			isa = XCBuildConfiguration;
			buildSettings = {
				"CODE_SIGN_IDENTITY[sdk=watchos*]" = "";
				DEFINES_MODULE = YES;
				DYLIB_COMPATIBILITY_VERSION = 1;
				DYLIB_CURRENT_VERSION = 1;
				DYLIB_INSTALL_NAME_BASE = "@rpath";
				GCC_NO_COMMON_BLOCKS = YES;
				INFOPLIST_FILE = Sources/Info.plist;
				INSTALL_PATH = "$(LOCAL_LIBRARY_DIR)/Frameworks";
				LD_RUNPATH_SEARCH_PATHS = "$(inherited) @executable_path/Frameworks @loader_path/Frameworks";
				OTHER_SWIFT_FLAGS = "";
				PRODUCT_BUNDLE_IDENTIFIER = "com.typelift.Swiftx-watchOS";
				PRODUCT_NAME = Swiftx;
				SDKROOT = watchos;
				SKIP_INSTALL = YES;
				SWIFT_INSTALL_OBJC_HEADER = NO;
				SWIFT_OBJC_INTERFACE_HEADER_NAME = "";
				SWIFT_SWIFT3_OBJC_INFERENCE = Off;
				SWIFT_VERSION = 4.0;
				TARGETED_DEVICE_FAMILY = 4;
				VALIDATE_PRODUCT = YES;
				WATCHOS_DEPLOYMENT_TARGET = 2.1;
			};
			name = Release;
		};
		84A88C9D1A70BD71003D53CF /* Debug */ = {
			isa = XCBuildConfiguration;
			buildSettings = {
				ALWAYS_SEARCH_USER_PATHS = NO;
				APPLICATION_EXTENSION_API_ONLY = YES;
				CLANG_ANALYZER_LOCALIZABILITY_NONLOCALIZED = YES;
				CLANG_CXX_LANGUAGE_STANDARD = "gnu++0x";
				CLANG_CXX_LIBRARY = "libc++";
				CLANG_ENABLE_MODULES = YES;
				CLANG_ENABLE_OBJC_ARC = YES;
				CLANG_WARN_BLOCK_CAPTURE_AUTORELEASING = YES;
				CLANG_WARN_BOOL_CONVERSION = YES;
				CLANG_WARN_COMMA = YES;
				CLANG_WARN_CONSTANT_CONVERSION = YES;
				CLANG_WARN_DEPRECATED_OBJC_IMPLEMENTATIONS = YES;
				CLANG_WARN_DIRECT_OBJC_ISA_USAGE = YES_ERROR;
				CLANG_WARN_EMPTY_BODY = YES;
				CLANG_WARN_ENUM_CONVERSION = YES;
				CLANG_WARN_INFINITE_RECURSION = YES;
				CLANG_WARN_INT_CONVERSION = YES;
				CLANG_WARN_NON_LITERAL_NULL_CONVERSION = YES;
				CLANG_WARN_OBJC_IMPLICIT_RETAIN_SELF = YES;
				CLANG_WARN_OBJC_LITERAL_CONVERSION = YES;
				CLANG_WARN_OBJC_ROOT_CLASS = YES_ERROR;
				CLANG_WARN_RANGE_LOOP_ANALYSIS = YES;
				CLANG_WARN_STRICT_PROTOTYPES = YES;
				CLANG_WARN_SUSPICIOUS_MOVE = YES;
				CLANG_WARN_UNREACHABLE_CODE = YES;
				CLANG_WARN__DUPLICATE_METHOD_MATCH = YES;
				COPY_PHASE_STRIP = NO;
				CURRENT_PROJECT_VERSION = 1;
				ENABLE_STRICT_OBJC_MSGSEND = YES;
				ENABLE_TESTABILITY = YES;
				GCC_C_LANGUAGE_STANDARD = gnu99;
				GCC_DYNAMIC_NO_PIC = NO;
				GCC_NO_COMMON_BLOCKS = YES;
				GCC_OPTIMIZATION_LEVEL = 0;
				GCC_PREPROCESSOR_DEFINITIONS = (
					"DEBUG=1",
					"$(inherited)",
				);
				GCC_SYMBOLS_PRIVATE_EXTERN = NO;
				GCC_WARN_64_TO_32_BIT_CONVERSION = YES;
				GCC_WARN_ABOUT_RETURN_TYPE = YES_ERROR;
				GCC_WARN_UNDECLARED_SELECTOR = YES;
				GCC_WARN_UNINITIALIZED_AUTOS = YES_AGGRESSIVE;
				GCC_WARN_UNUSED_FUNCTION = YES;
				GCC_WARN_UNUSED_VARIABLE = YES;
				MACOSX_DEPLOYMENT_TARGET = 10.10;
				MTL_ENABLE_DEBUG_INFO = YES;
				ONLY_ACTIVE_ARCH = YES;
				SDKROOT = macosx;
				SWIFT_OPTIMIZATION_LEVEL = "-Onone";
				VERSIONING_SYSTEM = "apple-generic";
				VERSION_INFO_PREFIX = "";
			};
			name = Debug;
		};
		84A88C9E1A70BD71003D53CF /* Release */ = {
			isa = XCBuildConfiguration;
			buildSettings = {
				ALWAYS_SEARCH_USER_PATHS = NO;
				APPLICATION_EXTENSION_API_ONLY = YES;
				CLANG_ANALYZER_LOCALIZABILITY_NONLOCALIZED = YES;
				CLANG_CXX_LANGUAGE_STANDARD = "gnu++0x";
				CLANG_CXX_LIBRARY = "libc++";
				CLANG_ENABLE_MODULES = YES;
				CLANG_ENABLE_OBJC_ARC = YES;
				CLANG_WARN_BLOCK_CAPTURE_AUTORELEASING = YES;
				CLANG_WARN_BOOL_CONVERSION = YES;
				CLANG_WARN_COMMA = YES;
				CLANG_WARN_CONSTANT_CONVERSION = YES;
				CLANG_WARN_DEPRECATED_OBJC_IMPLEMENTATIONS = YES;
				CLANG_WARN_DIRECT_OBJC_ISA_USAGE = YES_ERROR;
				CLANG_WARN_EMPTY_BODY = YES;
				CLANG_WARN_ENUM_CONVERSION = YES;
				CLANG_WARN_INFINITE_RECURSION = YES;
				CLANG_WARN_INT_CONVERSION = YES;
				CLANG_WARN_NON_LITERAL_NULL_CONVERSION = YES;
				CLANG_WARN_OBJC_IMPLICIT_RETAIN_SELF = YES;
				CLANG_WARN_OBJC_LITERAL_CONVERSION = YES;
				CLANG_WARN_OBJC_ROOT_CLASS = YES_ERROR;
				CLANG_WARN_RANGE_LOOP_ANALYSIS = YES;
				CLANG_WARN_STRICT_PROTOTYPES = YES;
				CLANG_WARN_SUSPICIOUS_MOVE = YES;
				CLANG_WARN_UNREACHABLE_CODE = YES;
				CLANG_WARN__DUPLICATE_METHOD_MATCH = YES;
				COPY_PHASE_STRIP = NO;
				CURRENT_PROJECT_VERSION = 1;
				DEBUG_INFORMATION_FORMAT = "dwarf-with-dsym";
				ENABLE_NS_ASSERTIONS = NO;
				ENABLE_STRICT_OBJC_MSGSEND = YES;
				GCC_C_LANGUAGE_STANDARD = gnu99;
				GCC_NO_COMMON_BLOCKS = YES;
				GCC_WARN_64_TO_32_BIT_CONVERSION = YES;
				GCC_WARN_ABOUT_RETURN_TYPE = YES_ERROR;
				GCC_WARN_UNDECLARED_SELECTOR = YES;
				GCC_WARN_UNINITIALIZED_AUTOS = YES_AGGRESSIVE;
				GCC_WARN_UNUSED_FUNCTION = YES;
				GCC_WARN_UNUSED_VARIABLE = YES;
				MACOSX_DEPLOYMENT_TARGET = 10.10;
				MTL_ENABLE_DEBUG_INFO = NO;
				SDKROOT = macosx;
				SWIFT_OPTIMIZATION_LEVEL = "-Owholemodule";
				VERSIONING_SYSTEM = "apple-generic";
				VERSION_INFO_PREFIX = "";
			};
			name = Release;
		};
		84A88CA01A70BD71003D53CF /* Debug */ = {
			isa = XCBuildConfiguration;
			buildSettings = {
				COMBINE_HIDPI_IMAGES = YES;
				DEFINES_MODULE = YES;
				DYLIB_COMPATIBILITY_VERSION = 1;
				DYLIB_CURRENT_VERSION = 1;
				DYLIB_INSTALL_NAME_BASE = "@rpath";
				FRAMEWORK_VERSION = A;
				INFOPLIST_FILE = Sources/Info.plist;
				INSTALL_PATH = "$(LOCAL_LIBRARY_DIR)/Frameworks";
				LD_RUNPATH_SEARCH_PATHS = "$(inherited) @executable_path/../Frameworks @loader_path/Frameworks";
				OTHER_SWIFT_FLAGS = "";
				PRODUCT_BUNDLE_IDENTIFIER = "com.typelift.(PRODUCT_NAME:rfc1034identifier)";
				PRODUCT_NAME = "$(TARGET_NAME)";
				SKIP_INSTALL = YES;
				SWIFT_VERSION = 5.0;
			};
			name = Debug;
		};
		84A88CA11A70BD71003D53CF /* Release */ = {
			isa = XCBuildConfiguration;
			buildSettings = {
				COMBINE_HIDPI_IMAGES = YES;
				DEFINES_MODULE = YES;
				DYLIB_COMPATIBILITY_VERSION = 1;
				DYLIB_CURRENT_VERSION = 1;
				DYLIB_INSTALL_NAME_BASE = "@rpath";
				FRAMEWORK_VERSION = A;
				INFOPLIST_FILE = Sources/Info.plist;
				INSTALL_PATH = "$(LOCAL_LIBRARY_DIR)/Frameworks";
				LD_RUNPATH_SEARCH_PATHS = "$(inherited) @executable_path/../Frameworks @loader_path/Frameworks";
				OTHER_SWIFT_FLAGS = "";
				PRODUCT_BUNDLE_IDENTIFIER = "com.typelift.(PRODUCT_NAME:rfc1034identifier)";
				PRODUCT_NAME = "$(TARGET_NAME)";
				SKIP_INSTALL = YES;
				SWIFT_VERSION = 5.0;
			};
			name = Release;
		};
		84A88CA31A70BD71003D53CF /* Debug */ = {
			isa = XCBuildConfiguration;
			buildSettings = {
				APPLICATION_EXTENSION_API_ONLY = NO;
				COMBINE_HIDPI_IMAGES = YES;
				FRAMEWORK_SEARCH_PATHS = (
					"$(DEVELOPER_FRAMEWORKS_DIR)",
					"$(inherited)",
				);
				GCC_PREPROCESSOR_DEFINITIONS = (
					"DEBUG=1",
					"$(inherited)",
				);
				INFOPLIST_FILE = Tests/Info.plist;
				LD_RUNPATH_SEARCH_PATHS = "$(inherited) @executable_path/../Frameworks @loader_path/../Frameworks";
				PRODUCT_BUNDLE_IDENTIFIER = "io.maxs.${PRODUCT_NAME:rfc1034identifier}";
				PRODUCT_NAME = "$(TARGET_NAME)";
				SWIFT_VERSION = 5.0;
			};
			name = Debug;
		};
		84A88CA41A70BD71003D53CF /* Release */ = {
			isa = XCBuildConfiguration;
			buildSettings = {
				APPLICATION_EXTENSION_API_ONLY = NO;
				COMBINE_HIDPI_IMAGES = YES;
				FRAMEWORK_SEARCH_PATHS = (
					"$(DEVELOPER_FRAMEWORKS_DIR)",
					"$(inherited)",
				);
				INFOPLIST_FILE = Tests/Info.plist;
				LD_RUNPATH_SEARCH_PATHS = "$(inherited) @executable_path/../Frameworks @loader_path/../Frameworks";
				PRODUCT_BUNDLE_IDENTIFIER = "io.maxs.${PRODUCT_NAME:rfc1034identifier}";
				PRODUCT_NAME = "$(TARGET_NAME)";
				SWIFT_VERSION = 5.0;
			};
			name = Release;
		};
		84DF767C1B0BDE0A00C912B0 /* Debug */ = {
			isa = XCBuildConfiguration;
			buildSettings = {
				"CODE_SIGN_IDENTITY[sdk=iphoneos*]" = "";
				DEBUG_INFORMATION_FORMAT = "dwarf-with-dsym";
				DEFINES_MODULE = YES;
				DYLIB_COMPATIBILITY_VERSION = 1;
				DYLIB_CURRENT_VERSION = 1;
				DYLIB_INSTALL_NAME_BASE = "@rpath";
				GCC_NO_COMMON_BLOCKS = YES;
				GCC_PREPROCESSOR_DEFINITIONS = (
					"DEBUG=1",
					"$(inherited)",
				);
				INFOPLIST_FILE = Sources/Info.plist;
				INSTALL_PATH = "$(LOCAL_LIBRARY_DIR)/Frameworks";
				IPHONEOS_DEPLOYMENT_TARGET = 8.0;
				LD_RUNPATH_SEARCH_PATHS = "$(inherited) @executable_path/Frameworks @loader_path/Frameworks";
				OTHER_SWIFT_FLAGS = "";
				PRODUCT_BUNDLE_IDENTIFIER = "com.typelift.(PRODUCT_NAME:rfc1034identifier)";
				PRODUCT_NAME = Swiftx;
				SDKROOT = iphoneos;
				SKIP_INSTALL = YES;
				SWIFT_VERSION = 5.0;
				TARGETED_DEVICE_FAMILY = "1,2";
			};
			name = Debug;
		};
		84DF767D1B0BDE0A00C912B0 /* Release */ = {
			isa = XCBuildConfiguration;
			buildSettings = {
				"CODE_SIGN_IDENTITY[sdk=iphoneos*]" = "";
				DEFINES_MODULE = YES;
				DYLIB_COMPATIBILITY_VERSION = 1;
				DYLIB_CURRENT_VERSION = 1;
				DYLIB_INSTALL_NAME_BASE = "@rpath";
				GCC_NO_COMMON_BLOCKS = YES;
				INFOPLIST_FILE = Sources/Info.plist;
				INSTALL_PATH = "$(LOCAL_LIBRARY_DIR)/Frameworks";
				IPHONEOS_DEPLOYMENT_TARGET = 8.0;
				LD_RUNPATH_SEARCH_PATHS = "$(inherited) @executable_path/Frameworks @loader_path/Frameworks";
				OTHER_SWIFT_FLAGS = "";
				PRODUCT_BUNDLE_IDENTIFIER = "com.typelift.(PRODUCT_NAME:rfc1034identifier)";
				PRODUCT_NAME = Swiftx;
				SDKROOT = iphoneos;
				SKIP_INSTALL = YES;
				SWIFT_VERSION = 5.0;
				TARGETED_DEVICE_FAMILY = "1,2";
				VALIDATE_PRODUCT = YES;
			};
			name = Release;
		};
		84DF767F1B0BDE0A00C912B0 /* Debug */ = {
			isa = XCBuildConfiguration;
			buildSettings = {
				APPLICATION_EXTENSION_API_ONLY = NO;
				"CODE_SIGN_IDENTITY[sdk=iphoneos*]" = "iPhone Developer";
				DEBUG_INFORMATION_FORMAT = "dwarf-with-dsym";
				DEVELOPMENT_TEAM = D33M56YTC8;
				FRAMEWORK_SEARCH_PATHS = "$(inherited)";
				GCC_NO_COMMON_BLOCKS = YES;
				GCC_PREPROCESSOR_DEFINITIONS = (
					"DEBUG=1",
					"$(inherited)",
				);
				INFOPLIST_FILE = Tests/Info.plist;
				IPHONEOS_DEPLOYMENT_TARGET = 8.3;
				LD_RUNPATH_SEARCH_PATHS = "$(inherited) @executable_path/Frameworks @loader_path/Frameworks";
				PRODUCT_BUNDLE_IDENTIFIER = "io.maxs.${PRODUCT_NAME:rfc1034identifier}";
				PRODUCT_NAME = "$(TARGET_NAME)";
				SDKROOT = iphoneos;
				SWIFT_VERSION = 5.0;
			};
			name = Debug;
		};
		84DF76801B0BDE0A00C912B0 /* Release */ = {
			isa = XCBuildConfiguration;
			buildSettings = {
				APPLICATION_EXTENSION_API_ONLY = NO;
				"CODE_SIGN_IDENTITY[sdk=iphoneos*]" = "iPhone Developer";
				DEVELOPMENT_TEAM = D33M56YTC8;
				FRAMEWORK_SEARCH_PATHS = "$(inherited)";
				GCC_NO_COMMON_BLOCKS = YES;
				INFOPLIST_FILE = Tests/Info.plist;
				IPHONEOS_DEPLOYMENT_TARGET = 8.3;
				LD_RUNPATH_SEARCH_PATHS = "$(inherited) @executable_path/Frameworks @loader_path/Frameworks";
				PRODUCT_BUNDLE_IDENTIFIER = "io.maxs.${PRODUCT_NAME:rfc1034identifier}";
				PRODUCT_NAME = "$(TARGET_NAME)";
				SDKROOT = iphoneos;
				SWIFT_VERSION = 5.0;
				VALIDATE_PRODUCT = YES;
			};
			name = Release;
		};
/* End XCBuildConfiguration section */

/* Begin XCConfigurationList section */
		8240CD9E1C3A39D600EF4D29 /* Build configuration list for PBXNativeTarget "Swiftx-tvOS" */ = {
			isa = XCConfigurationList;
			buildConfigurations = (
				8240CD921C3A39D600EF4D29 /* Debug */,
				8240CD931C3A39D600EF4D29 /* Release */,
			);
			defaultConfigurationIsVisible = 0;
			defaultConfigurationName = Release;
		};
		8240CD9F1C3A39D600EF4D29 /* Build configuration list for PBXNativeTarget "Swiftx-tvOSTests" */ = {
			isa = XCConfigurationList;
			buildConfigurations = (
				8240CD941C3A39D600EF4D29 /* Debug */,
				8240CD951C3A39D600EF4D29 /* Release */,
			);
			defaultConfigurationIsVisible = 0;
			defaultConfigurationName = Release;
		};
		8240CDAA1C3A39F000EF4D29 /* Build configuration list for PBXNativeTarget "Swiftx-watchOS" */ = {
			isa = XCConfigurationList;
			buildConfigurations = (
				8240CDAB1C3A39F000EF4D29 /* Debug */,
				8240CDAC1C3A39F000EF4D29 /* Release */,
			);
			defaultConfigurationIsVisible = 0;
			defaultConfigurationName = Release;
		};
		84A88C831A70BD71003D53CF /* Build configuration list for PBXProject "Swiftx" */ = {
			isa = XCConfigurationList;
			buildConfigurations = (
				84A88C9D1A70BD71003D53CF /* Debug */,
				84A88C9E1A70BD71003D53CF /* Release */,
			);
			defaultConfigurationIsVisible = 0;
			defaultConfigurationName = Release;
		};
		84A88C9F1A70BD71003D53CF /* Build configuration list for PBXNativeTarget "Swiftx" */ = {
			isa = XCConfigurationList;
			buildConfigurations = (
				84A88CA01A70BD71003D53CF /* Debug */,
				84A88CA11A70BD71003D53CF /* Release */,
			);
			defaultConfigurationIsVisible = 0;
			defaultConfigurationName = Release;
		};
		84A88CA21A70BD71003D53CF /* Build configuration list for PBXNativeTarget "SwiftxTests" */ = {
			isa = XCConfigurationList;
			buildConfigurations = (
				84A88CA31A70BD71003D53CF /* Debug */,
				84A88CA41A70BD71003D53CF /* Release */,
			);
			defaultConfigurationIsVisible = 0;
			defaultConfigurationName = Release;
		};
		84DF767B1B0BDE0A00C912B0 /* Build configuration list for PBXNativeTarget "Swiftx-iOS" */ = {
			isa = XCConfigurationList;
			buildConfigurations = (
				84DF767C1B0BDE0A00C912B0 /* Debug */,
				84DF767D1B0BDE0A00C912B0 /* Release */,
			);
			defaultConfigurationIsVisible = 0;
			defaultConfigurationName = Release;
		};
		84DF767E1B0BDE0A00C912B0 /* Build configuration list for PBXNativeTarget "Swiftx-iOSTests" */ = {
			isa = XCConfigurationList;
			buildConfigurations = (
				84DF767F1B0BDE0A00C912B0 /* Debug */,
				84DF76801B0BDE0A00C912B0 /* Release */,
			);
			defaultConfigurationIsVisible = 0;
			defaultConfigurationName = Release;
		};
/* End XCConfigurationList section */
	};
	rootObject = 84A88C801A70BD71003D53CF /* Project object */;
}
